
Microsoft Visual Studio Solution File, Format Version 12.00
# Visual Studio 14
VisualStudioVersion = 14.0.24720.0
MinimumVisualStudioVersion = 10.0.40219.1
Project("{2150E333-8FDC-42A3-9474-1A3956D46DE8}") = "src", "src", "{A0D9E154-F6FC-4774-9438-C89358358F5B}"
EndProject
Project("{2150E333-8FDC-42A3-9474-1A3956D46DE8}") = "Solution Items", "Solution Items", "{65D84051-FB8A-4A1B-937C-B8A41660F3A6}"
	ProjectSection(SolutionItems) = preProject
		global.json = global.json
	EndProjectSection
EndProject
Project("{8BB2217D-0F2D-49D1-97BC-3654ED321F3B}") = "FizzBuzz", "src\FizzBuzz\FizzBuzz.xproj", "{E292B887-EFE7-4A05-B0E1-B932F02228EF}"
EndProject
Global
	GlobalSection(SolutionConfigurationPlatforms) = preSolution
		Debug|Any CPU = Debug|Any CPU
		Release|Any CPU = Release|Any CPU
	EndGlobalSection
	GlobalSection(ProjectConfigurationPlatforms) = postSolution
		{E292B887-EFE7-4A05-B0E1-B932F02228EF}.Debug|Any CPU.ActiveCfg = Debug|Any CPU
		{E292B887-EFE7-4A05-B0E1-B932F02228EF}.Debug|Any CPU.Build.0 = Debug|Any CPU
		{E292B887-EFE7-4A05-B0E1-B932F02228EF}.Release|Any CPU.ActiveCfg = Release|Any CPU
		{E292B887-EFE7-4A05-B0E1-B932F02228EF}.Release|Any CPU.Build.0 = Release|Any CPU
	EndGlobalSection
	GlobalSection(SolutionProperties) = preSolution
		HideSolutionNode = FALSE
	EndGlobalSection
	GlobalSection(NestedProjects) = preSolution
		{E292B887-EFE7-4A05-B0E1-B932F02228EF} = {A0D9E154-F6FC-4774-9438-C89358358F5B}
	EndGlobalSection
EndGlobal
